PODS:
  - audio_session (0.0.1):
    - Flutter
  - audioplayers_darwin (0.0.1):
    - Flutter
    - FlutterMacOS
  - connectivity_plus (0.0.1):
    - Flutter
  - device_info_plus (0.0.1):
    - Flutter
  - Flutter (1.0.0)
  - flutter_contacts (0.0.1):
    - Flutter
  - flutter_secure_storage (6.0.0):
    - Flutter
  - fluttertoast (0.0.2):
    - Flutter
  - just_audio (0.0.1):
    - Flutter
    - FlutterMacOS
  - path_provider_foundation (0.0.1):
    - Flutter
    - FlutterMacOS
  - permission_handler_apple (9.3.0):
    - Flutter
  - url_launcher_ios (0.0.1):
    - Flutter
  - vibration (3.0.0):
    - Flutter

DEPENDENCIES:
  - audio_session (from `.symlinks/plugins/audio_session/ios`)
  - audioplayers_darwin (from `.symlinks/plugins/audioplayers_darwin/darwin`)
  - connectivity_plus (from `.symlinks/plugins/connectivity_plus/ios`)
  - device_info_plus (from `.symlinks/plugins/device_info_plus/ios`)
  - Flutter (from `Flutter`)
  - flutter_contacts (from `.symlinks/plugins/flutter_contacts/ios`)
  - flutter_secure_storage (from `.symlinks/plugins/flutter_secure_storage/ios`)
  - fluttertoast (from `.symlinks/plugins/fluttertoast/ios`)
  - just_audio (from `.symlinks/plugins/just_audio/darwin`)
  - path_provider_foundation (from `.symlinks/plugins/path_provider_foundation/darwin`)
  - permission_handler_apple (from `.symlinks/plugins/permission_handler_apple/ios`)
  - url_launcher_ios (from `.symlinks/plugins/url_launcher_ios/ios`)
  - vibration (from `.symlinks/plugins/vibration/ios`)

EXTERNAL SOURCES:
  audio_session:
    :path: ".symlinks/plugins/audio_session/ios"
  audioplayers_darwin:
    :path: ".symlinks/plugins/audioplayers_darwin/darwin"
  connectivity_plus:
    :path: ".symlinks/plugins/connectivity_plus/ios"
  device_info_plus:
    :path: ".symlinks/plugins/device_info_plus/ios"
  Flutter:
    :path: Flutter
  flutter_contacts:
    :path: ".symlinks/plugins/flutter_contacts/ios"
  flutter_secure_storage:
    :path: ".symlinks/plugins/flutter_secure_storage/ios"
  fluttertoast:
    :path: ".symlinks/plugins/fluttertoast/ios"
  just_audio:
    :path: ".symlinks/plugins/just_audio/darwin"
  path_provider_foundation:
    :path: ".symlinks/plugins/path_provider_foundation/darwin"
  permission_handler_apple:
    :path: ".symlinks/plugins/permission_handler_apple/ios"
  url_launcher_ios:
    :path: ".symlinks/plugins/url_launcher_ios/ios"
  vibration:
    :path: ".symlinks/plugins/vibration/ios"

SPEC CHECKSUMS:
  audio_session: 9bb7f6c970f21241b19f5a3658097ae459681ba0
  audioplayers_darwin: 4f9ca89d92d3d21cec7ec580e78ca888e5fb68bd
  connectivity_plus: cb623214f4e1f6ef8fe7403d580fdad517d2f7dd
  device_info_plus: 21fcca2080fbcd348be798aa36c3e5ed849eefbe
  Flutter: cabc95a1d2626b1b06e7179b784ebcf0c0cde467
  flutter_contacts: 5383945387e7ca37cf963d4be57c21f2fc15ca9f
  flutter_secure_storage: 1ed9476fba7e7a782b22888f956cce43e2c62f13
  fluttertoast: 2c67e14dce98bbdb200df9e1acf610d7a6264ea1
  just_audio: 4e391f57b79cad2b0674030a00453ca5ce817eed
  path_provider_foundation: 080d55be775b7414fd5a5ef3ac137b97b097e564
  permission_handler_apple: 4ed2196e43d0651e8ff7ca3483a069d469701f2d
  url_launcher_ios: 694010445543906933d732453a59da0a173ae33d
  vibration: 69774ad57825b11c951ee4c46155f455d7a592ce

PODFILE CHECKSUM: 7c084a2b9ad33934e63cfc2b84e4bdba4f5fda26

COCOAPODS: 1.16.2
